
Microsoft Visual Studio Solution File, Format Version 12.00
# Visual Studio Version 16
VisualStudioVersion = 16.0.29306.81
MinimumVisualStudioVersion = 10.0.40219.1
Project("{FAE04EC0-301F-11D3-BF4B-00C04F79EFBC}") = "Resturant", "Resturant.csproj", "{C64721B9-F92A-4E87-8D46-680C6AD3530A}"
EndProject
Global
	GlobalSection(SolutionConfigurationPlatforms) = preSolution
		Debug|Any CPU = Debug|Any CPU
		Release|Any CPU = Release|Any CPU
	EndGlobalSection
	GlobalSection(ProjectConfigurationPlatforms) = postSolution
		{C64721B9-F92A-4E87-8D46-680C6AD3530A}.Debug|Any CPU.ActiveCfg = Debug|Any CPU
		{C64721B9-F92A-4E87-8D46-680C6AD3530A}.Debug|Any CPU.Build.0 = Debug|Any CPU
		{C64721B9-F92A-4E87-8D46-680C6AD3530A}.Release|Any CPU.ActiveCfg = Release|Any CPU
		{C64721B9-F92A-4E87-8D46-680C6AD3530A}.Release|Any CPU.Build.0 = Release|Any CPU
	EndGlobalSection
	GlobalSection(SolutionProperties) = preSolution
		HideSolutionNode = FALSE
	EndGlobalSection
	GlobalSection(ExtensibilityGlobals) = postSolution
		SolutionGuid = {1C516CD7-BAF8-427E-866D-9E4B0807C2AE}
	EndGlobalSection
EndGlobal
